// !$*UTF8*$!
{
	archiveVersion = 1;
	classes = {
	};
	objectVersion = 46;
	objects = {

/* Begin PBXBuildFile section */
		4417C3781C83A3E800FC01AE /* AppDelegate.swift in Sources */ = {isa = PBXBuildFile; fileRef = 4417C3771C83A3E800FC01AE /* AppDelegate.swift */; };
		4417C37A1C83A3E800FC01AE /* ViewController.swift in Sources */ = {isa = PBXBuildFile; fileRef = 4417C3791C83A3E800FC01AE /* ViewController.swift */; };
		4417C37D1C83A3E800FC01AE /* Main.storyboard in Resources */ = {isa = PBXBuildFile; fileRef = 4417C37B1C83A3E800FC01AE /* Main.storyboard */; };
		4417C37F1C83A3E800FC01AE /* Assets.xcassets in Resources */ = {isa = PBXBuildFile; fileRef = 4417C37E1C83A3E800FC01AE /* Assets.xcassets */; };
		4417C3821C83A3E800FC01AE /* LaunchScreen.storyboard in Resources */ = {isa = PBXBuildFile; fileRef = 4417C3801C83A3E800FC01AE /* LaunchScreen.storyboard */; };
/* End PBXBuildFile section */

/* Begin PBXFileReference section */
		4417C3741C83A3E800FC01AE /* CameraPrototype.app */ = {isa = PBXFileReference; explicitFileType = wrapper.application; includeInIndex = 0; path = CameraPrototype.app; sourceTree = BUILT_PRODUCTS_DIR; };
		4417C3771C83A3E800FC01AE /* AppDelegate.swift */ = {isa = PBXFileReference; lastKnownFileType = sourcecode.swift; path = AppDelegate.swift; sourceTree = "<group>"; };
		4417C3791C83A3E800FC01AE /* ViewController.swift */ = {isa = PBXFileReference; lastKnownFileType = sourcecode.swift; path = ViewController.swift; sourceTree = "<group>"; };
		4417C37C1C83A3E800FC01AE /* Base */ = {isa = PBXFileReference; lastKnownFileType = file.storyboard; name = Base; path = Base.lproj/Main.storyboard; sourceTree = "<group>"; };
		4417C37E1C83A3E800FC01AE /* Assets.xcassets */ = {isa = PBXFileReference; lastKnownFileType = folder.assetcatalog; path = Assets.xcassets; sourceTree = "<group>"; };
		4417C3811C83A3E800FC01AE /* Base */ = {isa = PBXFileReference; lastKnownFileType = file.storyboard; name = Base; path = Base.lproj/LaunchScreen.storyboard; sourceTree = "<group>"; };
		4417C3831C83A3E800FC01AE /* Info.plist */ = {isa = PBXFileReference; lastKnownFileType = text.plist.xml; path = Info.plist; sourceTree = "<group>"; };
/* End PBXFileReference section */

/* Begin PBXFrameworksBuildPhase section */
		4417C3711C83A3E800FC01AE /* Frameworks */ = {
			isa = PBXFrameworksBuildPhase;
			buildActionMask = 2147483647;
			files = (
			);
			runOnlyForDeploymentPostprocessing = 0;
		};
/* End PBXFrameworksBuildPhase section */

/* Begin PBXGroup section */
		4417C36B1C83A3E800FC01AE = {
			isa = PBXGroup;
			children = (
				4417C3761C83A3E800FC01AE /* CameraPrototype */,
				4417C3751C83A3E800FC01AE /* Products */,
			);
			sourceTree = "<group>";
		};
		4417C3751C83A3E800FC01AE /* Products */ = {
			isa = PBXGroup;
			children = (
				4417C3741C83A3E800FC01AE /* CameraPrototype.app */,
			);
			name = Products;
			sourceTree = "<group>";
		};
		4417C3761C83A3E800FC01AE /* CameraPrototype */ = {
			isa = PBXGroup;
			children = (
				4417C3771C83A3E800FC01AE /* AppDelegate.swift */,
				4417C3791C83A3E800FC01AE /* ViewController.swift */,
				4417C37B1C83A3E800FC01AE /* Main.storyboard */,
				4417C37E1C83A3E800FC01AE /* Assets.xcassets */,
				4417C3801C83A3E800FC01AE /* LaunchScreen.storyboard */,
				4417C3831C83A3E800FC01AE /* Info.plist */,
			);
			path = CameraPrototype;
			sourceTree = "<group>";
		};
/* End PBXGroup section */

/* Begin PBXNativeTarget section */
		4417C3731C83A3E800FC01AE /* CameraPrototype */ = {
			isa = PBXNativeTarget;
			buildConfigurationList = 4417C3861C83A3E800FC01AE /* Build configuration list for PBXNativeTarget "CameraPrototype" */;
			buildPhases = (
				4417C3701C83A3E800FC01AE /* Sources */,
				4417C3711C83A3E800FC01AE /* Frameworks */,
				4417C3721C83A3E800FC01AE /* Resources */,
			);
			buildRules = (
			);
			dependencies = (
			);
			name = CameraPrototype;
			productName = CameraPrototype;
			productReference = 4417C3741C83A3E800FC01AE /* CameraPrototype.app */;
			productType = "com.apple.product-type.application";
		};
/* End PBXNativeTarget section */

/* Begin PBXProject section */
		4417C36C1C83A3E800FC01AE /* Project object */ = {
			isa = PBXProject;
			attributes = {
				LastSwiftUpdateCheck = 0720;
				LastUpgradeCheck = 0720;
				ORGANIZATIONNAME = "Heydar Maboudi Afkham";
				TargetAttributes = {
					4417C3731C83A3E800FC01AE = {
						CreatedOnToolsVersion = 7.2.1;
						DevelopmentTeam = MLN628UAPA;
					};
				};
			};
			buildConfigurationList = 4417C36F1C83A3E800FC01AE /* Build configuration list for PBXProject "CameraPrototype" */;
			compatibilityVersion = "Xcode 3.2";
			developmentRegion = English;
			hasScannedForEncodings = 0;
			knownRegions = (
				en,
				Base,
			);
			mainGroup = 4417C36B1C83A3E800FC01AE;
			productRefGroup = 4417C3751C83A3E800FC01AE /* Products */;
			projectDirPath = "";
			projectRoot = "";
			targets = (
				4417C3731C83A3E800FC01AE /* CameraPrototype */,
			);
		};
/* End PBXProject section */

/* Begin PBXResourcesBuildPhase section */
		4417C3721C83A3E800FC01AE /* Resources */ = {
			isa = PBXResourcesBuildPhase;
			buildActionMask = 2147483647;
			files = (
				4417C3821C83A3E800FC01AE /* LaunchScreen.storyboard in Resources */,
				4417C37F1C83A3E800FC01AE /* Assets.xcassets in Resources */,
				4417C37D1C83A3E800FC01AE /* Main.storyboard in Resources */,
			);
			runOnlyForDeploymentPostprocessing = 0;
		};
/* End PBXResourcesBuildPhase section */

/* Begin PBXSourcesBuildPhase section */
		4417C3701C83A3E800FC01AE /* Sources */ = {
			isa = PBXSourcesBuildPhase;
			buildActionMask = 2147483647;
			files = (
				4417C37A1C83A3E800FC01AE /* ViewController.swift in Sources */,
				4417C3781C83A3E800FC01AE /* AppDelegate.swift in Sources */,
			);
			runOnlyForDeploymentPostprocessing = 0;
		};
/* End PBXSourcesBuildPhase section */

/* Begin PBXVariantGroup section */
		4417C37B1C83A3E800FC01AE /* Main.storyboard */ = {
			isa = PBXVariantGroup;
			children = (
				4417C37C1C83A3E800FC01AE /* Base */,
			);
			name = Main.storyboard;
			sourceTree = "<group>";
		};
		4417C3801C83A3E800FC01AE /* LaunchScreen.storyboard */ = {
			isa = PBXVariantGroup;
			children = (
				4417C3811C83A3E800FC01AE /* Base */,
			);
			name = LaunchScreen.storyboard;
			sourceTree = "<group>";
		};
/* End PBXVariantGroup section */

/* Begin XCBuildConfiguration section */
		4417C3841C83A3E800FC01AE /* Debug */ = {
			isa = XCBuildConfiguration;
			buildSettings = {
				ALWAYS_SEARCH_USER_PATHS = NO;
				CLANG_CXX_LANGUAGE_STANDARD = "gnu++0x";
				CLANG_CXX_LIBRARY = "libc++";
				CLANG_ENABLE_MODULES = YES;
				CLANG_ENABLE_OBJC_ARC = YES;
				CLANG_WARN_BOOL_CONVERSION = YES;
				CLANG_WARN_CONSTANT_CONVERSION = YES;
				CLANG_WARN_DIRECT_OBJC_ISA_USAGE = YES_ERROR;
				CLANG_WARN_EMPTY_BODY = YES;
				CLANG_WARN_ENUM_CONVERSION = YES;
				CLANG_WARN_INT_CONVERSION = YES;
				CLANG_WARN_OBJC_ROOT_CLASS = YES_ERROR;
				CLANG_WARN_UNREACHABLE_CODE = YES;
				CLANG_WARN__DUPLICATE_METHOD_MATCH = YES;
				"CODE_SIGN_IDENTITY[sdk=iphoneos*]" = "iPhone Developer";
				COPY_PHASE_STRIP = NO;
				DEBUG_INFORMATION_FORMAT = dwarf;
				ENABLE_STRICT_OBJC_MSGSEND = YES;
				ENABLE_TESTABILITY = YES;
				GCC_C_LANGUAGE_STANDARD = gnu99;
				GCC_DYNAMIC_NO_PIC = NO;
				GCC_NO_COMMON_BLOCKS = YES;
				GCC_OPTIMIZATION_LEVEL = 0;
				GCC_PREPROCESSOR_DEFINITIONS = (
					"DEBUG=1",
					"$(inherited)",
				);
				GCC_WARN_64_TO_32_BIT_CONVERSION = YES;
				GCC_WARN_ABOUT_RETURN_TYPE = YES_ERROR;
				GCC_WARN_UNDECLARED_SELECTOR = YES;
				GCC_WARN_UNINITIALIZED_AUTOS = YES_AGGRESSIVE;
				GCC_WARN_UNUSED_FUNCTION = YES;
				GCC_WARN_UNUSED_VARIABLE = YES;
				IPHONEOS_DEPLOYMENT_TARGET = 9.2;
				MTL_ENABLE_DEBUG_INFO = YES;
				ONLY_ACTIVE_ARCH = YES;
				SDKROOT = iphoneos;
				SWIFT_OPTIMIZATION_LEVEL = "-Onone";
			};
			name = Debug;
		};
		4417C3851C83A3E800FC01AE /* Release */ = {
			isa = XCBuildConfiguration;
			buildSettings = {
				ALWAYS_SEARCH_USER_PATHS = NO;
				CLANG_CXX_LANGUAGE_STANDARD = "gnu++0x";
				CLANG_CXX_LIBRARY = "libc++";
				CLANG_ENABLE_MODULES = YES;
				CLANG_ENABLE_OBJC_ARC = YES;
				CLANG_WARN_BOOL_CONVERSION = YES;
				CLANG_WARN_CONSTANT_CONVERSION = YES;
				CLANG_WARN_DIRECT_OBJC_ISA_USAGE = YES_ERROR;
				CLANG_WARN_EMPTY_BODY = YES;
				CLANG_WARN_ENUM_CONVERSION = YES;
				CLANG_WARN_INT_CONVERSION = YES;
				CLANG_WARN_OBJC_ROOT_CLASS = YES_ERROR;
				CLANG_WARN_UNREACHABLE_CODE = YES;
				CLANG_WARN__DUPLICATE_METHOD_MATCH = YES;
				"CODE_SIGN_IDENTITY[sdk=iphoneos*]" = "iPhone Developer";
				COPY_PHASE_STRIP = NO;
				DEBUG_INFORMATION_FORMAT = "dwarf-with-dsym";
				ENABLE_NS_ASSERTIONS = NO;
				ENABLE_STRICT_OBJC_MSGSEND = YES;
				GCC_C_LANGUAGE_STANDARD = gnu99;
				GCC_NO_COMMON_BLOCKS = YES;
				GCC_WARN_64_TO_32_BIT_CONVERSION = YES;
				GCC_WARN_ABOUT_RETURN_TYPE = YES_ERROR;
				GCC_WARN_UNDECLARED_SELECTOR = YES;
				GCC_WARN_UNINITIALIZED_AUTOS = YES_AGGRESSIVE;
				GCC_WARN_UNUSED_FUNCTION = YES;
				GCC_WARN_UNUSED_VARIABLE = YES;
				IPHONEOS_DEPLOYMENT_TARGET = 9.2;
				MTL_ENABLE_DEBUG_INFO = NO;
				SDKROOT = iphoneos;
				VALIDATE_PRODUCT = YES;
			};
			name = Release;
		};
		4417C3871C83A3E800FC01AE /* Debug */ = {
			isa = XCBuildConfiguration;
			buildSettings = {
				ASSETCATALOG_COMPILER_APPICON_NAME = AppIcon;
				INFOPLIST_FILE = CameraPrototype/Info.plist;
				LD_RUNPATH_SEARCH_PATHS = "$(inherited) @executable_path/Frameworks";
				PRODUCT_BUNDLE_IDENTIFIER = sarv.CameraPrototype;
				PRODUCT_NAME = "$(TARGET_NAME)";
			};
			name = Debug;
		};
		4417C3881C83A3E800FC01AE /* Release */ = {
			isa = XCBuildConfiguration;
			buildSettings = {
				ASSETCATALOG_COMPILER_APPICON_NAME = AppIcon;
				INFOPLIST_FILE = CameraPrototype/Info.plist;
				LD_RUNPATH_SEARCH_PATHS = "$(inherited) @executable_path/Frameworks";
				PRODUCT_BUNDLE_IDENTIFIER = sarv.CameraPrototype;
				PRODUCT_NAME = "$(TARGET_NAME)";
			};
			name = Release;
		};
/* End XCBuildConfiguration section */

/* Begin XCConfigurationList section */
		4417C36F1C83A3E800FC01AE /* Build configuration list for PBXProject "CameraPrototype" */ = {
			isa = XCConfigurationList;
			buildConfigurations = (
				4417C3841C83A3E800FC01AE /* Debug */,
				4417C3851C83A3E800FC01AE /* Release */,
			);
			defaultConfigurationIsVisible = 0;
			defaultConfigurationName = Release;
		};
		4417C3861C83A3E800FC01AE /* Build configuration list for PBXNativeTarget "CameraPrototype" */ = {
			isa = XCConfigurationList;
			buildConfigurations = (
				4417C3871C83A3E800FC01AE /* Debug */,
				4417C3881C83A3E800FC01AE /* Release */,
			);
			defaultConfigurationIsVisible = 0;
		};
/* End XCConfigurationList section */
	};
	rootObject = 4417C36C1C83A3E800FC01AE /* Project object */;
}
